// !$*UTF8*$!
{
	archiveVersion = 1;
	classes = {
	};
	objectVersion = 50;
	objects = {

/* Begin PBXBuildFile section */
		8686EFFB23C96CB4005E9FF8 /* cancel_button@2x.png in Resources */ = {isa = PBXBuildFile; fileRef = 8686EFF923C96CB4005E9FF8 /* cancel_button@2x.png */; };
		8686EFFC23C96CB4005E9FF8 /* cancel_button@3x.png in Resources */ = {isa = PBXBuildFile; fileRef = 8686EFFA23C96CB4005E9FF8 /* cancel_button@3x.png */; };
		86FF0D2023C2DA7D005E978E /* AppDelegate.m in Sources */ = {isa = PBXBuildFile; fileRef = 86FF0D1F23C2DA7D005E978E /* AppDelegate.m */; };
		86FF0D2323C2DA7D005E978E /* SceneDelegate.m in Sources */ = {isa = PBXBuildFile; fileRef = 86FF0D2223C2DA7D005E978E /* SceneDelegate.m */; };
		86FF0D2623C2DA7D005E978E /* ViewController.m in Sources */ = {isa = PBXBuildFile; fileRef = 86FF0D2523C2DA7D005E978E /* ViewController.m */; };
		86FF0D2923C2DA7D005E978E /* Main.storyboard in Resources */ = {isa = PBXBuildFile; fileRef = 86FF0D2723C2DA7D005E978E /* Main.storyboard */; };
		86FF0D2C23C2DA7D005E978E /* popOptionViewDemo.xcdatamodeld in Sources */ = {isa = PBXBuildFile; fileRef = 86FF0D2A23C2DA7D005E978E /* popOptionViewDemo.xcdatamodeld */; };
		86FF0D2E23C2DA7F005E978E /* Assets.xcassets in Resources */ = {isa = PBXBuildFile; fileRef = 86FF0D2D23C2DA7F005E978E /* Assets.xcassets */; };
		86FF0D3123C2DA7F005E978E /* LaunchScreen.storyboard in Resources */ = {isa = PBXBuildFile; fileRef = 86FF0D2F23C2DA7F005E978E /* LaunchScreen.storyboard */; };
		86FF0D3423C2DA7F005E978E /* main.m in Sources */ = {isa = PBXBuildFile; fileRef = 86FF0D3323C2DA7F005E978E /* main.m */; };
		86FF0D3C23C2DAA0005E978E /* XDPopOptionView.m in Sources */ = {isa = PBXBuildFile; fileRef = 86FF0D3B23C2DAA0005E978E /* XDPopOptionView.m */; };
		86FF0D3F23C2DCC5005E978E /* add_button@2x.png in Resources */ = {isa = PBXBuildFile; fileRef = 86FF0D3D23C2DCC5005E978E /* add_button@2x.png */; };
		86FF0D4023C2DCC5005E978E /* add_button@3x.png in Resources */ = {isa = PBXBuildFile; fileRef = 86FF0D3E23C2DCC5005E978E /* add_button@3x.png */; };
/* End PBXBuildFile section */

/* Begin PBXFileReference section */
		8686EFF923C96CB4005E9FF8 /* cancel_button@2x.png */ = {isa = PBXFileReference; lastKnownFileType = image.png; path = "cancel_button@2x.png"; sourceTree = "<group>"; };
		8686EFFA23C96CB4005E9FF8 /* cancel_button@3x.png */ = {isa = PBXFileReference; lastKnownFileType = image.png; path = "cancel_button@3x.png"; sourceTree = "<group>"; };
		86FF0D1B23C2DA7D005E978E /* popOptionViewDemo.app */ = {isa = PBXFileReference; explicitFileType = wrapper.application; includeInIndex = 0; path = popOptionViewDemo.app; sourceTree = BUILT_PRODUCTS_DIR; };
		86FF0D1E23C2DA7D005E978E /* AppDelegate.h */ = {isa = PBXFileReference; lastKnownFileType = sourcecode.c.h; path = AppDelegate.h; sourceTree = "<group>"; };
		86FF0D1F23C2DA7D005E978E /* AppDelegate.m */ = {isa = PBXFileReference; lastKnownFileType = sourcecode.c.objc; path = AppDelegate.m; sourceTree = "<group>"; };
		86FF0D2123C2DA7D005E978E /* SceneDelegate.h */ = {isa = PBXFileReference; lastKnownFileType = sourcecode.c.h; path = SceneDelegate.h; sourceTree = "<group>"; };
		86FF0D2223C2DA7D005E978E /* SceneDelegate.m */ = {isa = PBXFileReference; lastKnownFileType = sourcecode.c.objc; path = SceneDelegate.m; sourceTree = "<group>"; };
		86FF0D2423C2DA7D005E978E /* ViewController.h */ = {isa = PBXFileReference; lastKnownFileType = sourcecode.c.h; path = ViewController.h; sourceTree = "<group>"; };
		86FF0D2523C2DA7D005E978E /* ViewController.m */ = {isa = PBXFileReference; lastKnownFileType = sourcecode.c.objc; path = ViewController.m; sourceTree = "<group>"; };
		86FF0D2823C2DA7D005E978E /* Base */ = {isa = PBXFileReference; lastKnownFileType = file.storyboard; name = Base; path = Base.lproj/Main.storyboard; sourceTree = "<group>"; };
		86FF0D2B23C2DA7D005E978E /* popOptionViewDemo.xcdatamodel */ = {isa = PBXFileReference; lastKnownFileType = wrapper.xcdatamodel; path = popOptionViewDemo.xcdatamodel; sourceTree = "<group>"; };
		86FF0D2D23C2DA7F005E978E /* Assets.xcassets */ = {isa = PBXFileReference; lastKnownFileType = folder.assetcatalog; path = Assets.xcassets; sourceTree = "<group>"; };
		86FF0D3023C2DA7F005E978E /* Base */ = {isa = PBXFileReference; lastKnownFileType = file.storyboard; name = Base; path = Base.lproj/LaunchScreen.storyboard; sourceTree = "<group>"; };
		86FF0D3223C2DA7F005E978E /* Info.plist */ = {isa = PBXFileReference; lastKnownFileType = text.plist.xml; path = Info.plist; sourceTree = "<group>"; };
		86FF0D3323C2DA7F005E978E /* main.m */ = {isa = PBXFileReference; lastKnownFileType = sourcecode.c.objc; path = main.m; sourceTree = "<group>"; };
		86FF0D3A23C2DAA0005E978E /* XDPopOptionView.h */ = {isa = PBXFileReference; lastKnownFileType = sourcecode.c.h; path = XDPopOptionView.h; sourceTree = "<group>"; };
		86FF0D3B23C2DAA0005E978E /* XDPopOptionView.m */ = {isa = PBXFileReference; lastKnownFileType = sourcecode.c.objc; path = XDPopOptionView.m; sourceTree = "<group>"; };
		86FF0D3D23C2DCC5005E978E /* add_button@2x.png */ = {isa = PBXFileReference; lastKnownFileType = image.png; path = "add_button@2x.png"; sourceTree = "<group>"; };
		86FF0D3E23C2DCC5005E978E /* add_button@3x.png */ = {isa = PBXFileReference; lastKnownFileType = image.png; path = "add_button@3x.png"; sourceTree = "<group>"; };
/* End PBXFileReference section */

/* Begin PBXFrameworksBuildPhase section */
		86FF0D1823C2DA7D005E978E /* Frameworks */ = {
			isa = PBXFrameworksBuildPhase;
			buildActionMask = 2147483647;
			files = (
			);
			runOnlyForDeploymentPostprocessing = 0;
		};
/* End PBXFrameworksBuildPhase section */

/* Begin PBXGroup section */
		86FF0D1223C2DA7D005E978E = {
			isa = PBXGroup;
			children = (
				86FF0D1D23C2DA7D005E978E /* popOptionViewDemo */,
				86FF0D1C23C2DA7D005E978E /* Products */,
			);
			sourceTree = "<group>";
		};
		86FF0D1C23C2DA7D005E978E /* Products */ = {
			isa = PBXGroup;
			children = (
				86FF0D1B23C2DA7D005E978E /* popOptionViewDemo.app */,
			);
			name = Products;
			sourceTree = "<group>";
		};
		86FF0D1D23C2DA7D005E978E /* popOptionViewDemo */ = {
			isa = PBXGroup;
			children = (
				86FF0D1E23C2DA7D005E978E /* AppDelegate.h */,
				86FF0D1F23C2DA7D005E978E /* AppDelegate.m */,
				86FF0D2123C2DA7D005E978E /* SceneDelegate.h */,
				86FF0D2223C2DA7D005E978E /* SceneDelegate.m */,
				86FF0D2423C2DA7D005E978E /* ViewController.h */,
				86FF0D2523C2DA7D005E978E /* ViewController.m */,
				86FF0D2723C2DA7D005E978E /* Main.storyboard */,
				86FF0D2D23C2DA7F005E978E /* Assets.xcassets */,
				86FF0D2F23C2DA7F005E978E /* LaunchScreen.storyboard */,
				86FF0D3223C2DA7F005E978E /* Info.plist */,
				86FF0D3323C2DA7F005E978E /* main.m */,
				86FF0D2A23C2DA7D005E978E /* popOptionViewDemo.xcdatamodeld */,
				86FF0D3A23C2DAA0005E978E /* XDPopOptionView.h */,
				86FF0D3B23C2DAA0005E978E /* XDPopOptionView.m */,
				8686EFF923C96CB4005E9FF8 /* cancel_button@2x.png */,
				8686EFFA23C96CB4005E9FF8 /* cancel_button@3x.png */,
				86FF0D3D23C2DCC5005E978E /* add_button@2x.png */,
				86FF0D3E23C2DCC5005E978E /* add_button@3x.png */,
			);
			path = popOptionViewDemo;
			sourceTree = "<group>";
		};
/* End PBXGroup section */

/* Begin PBXNativeTarget section */
		86FF0D1A23C2DA7D005E978E /* popOptionViewDemo */ = {
			isa = PBXNativeTarget;
			buildConfigurationList = 86FF0D3723C2DA7F005E978E /* Build configuration list for PBXNativeTarget "popOptionViewDemo" */;
			buildPhases = (
				86FF0D1723C2DA7D005E978E /* Sources */,
				86FF0D1823C2DA7D005E978E /* Frameworks */,
				86FF0D1923C2DA7D005E978E /* Resources */,
			);
			buildRules = (
			);
			dependencies = (
			);
			name = popOptionViewDemo;
			productName = popOptionViewDemo;
			productReference = 86FF0D1B23C2DA7D005E978E /* popOptionViewDemo.app */;
			productType = "com.apple.product-type.application";
		};
/* End PBXNativeTarget section */

/* Begin PBXProject section */
		86FF0D1323C2DA7D005E978E /* Project object */ = {
			isa = PBXProject;
			attributes = {
				LastUpgradeCheck = 1130;
				TargetAttributes = {
					86FF0D1A23C2DA7D005E978E = {
						CreatedOnToolsVersion = 11.3;
					};
				};
			};
			buildConfigurationList = 86FF0D1623C2DA7D005E978E /* Build configuration list for PBXProject "popOptionViewDemo" */;
			compatibilityVersion = "Xcode 9.3";
			developmentRegion = en;
			hasScannedForEncodings = 0;
			knownRegions = (
				en,
				Base,
			);
			mainGroup = 86FF0D1223C2DA7D005E978E;
			productRefGroup = 86FF0D1C23C2DA7D005E978E /* Products */;
			projectDirPath = "";
			projectRoot = "";
			targets = (
				86FF0D1A23C2DA7D005E978E /* popOptionViewDemo */,
			);
		};
/* End PBXProject section */

/* Begin PBXResourcesBuildPhase section */
		86FF0D1923C2DA7D005E978E /* Resources */ = {
			isa = PBXResourcesBuildPhase;
			buildActionMask = 2147483647;
			files = (
				86FF0D3123C2DA7F005E978E /* LaunchScreen.storyboard in Resources */,
				86FF0D2E23C2DA7F005E978E /* Assets.xcassets in Resources */,
				86FF0D4023C2DCC5005E978E /* add_button@3x.png in Resources */,
				86FF0D3F23C2DCC5005E978E /* add_button@2x.png in Resources */,
				86FF0D2923C2DA7D005E978E /* Main.storyboard in Resources */,
				8686EFFB23C96CB4005E9FF8 /* cancel_button@2x.png in Resources */,
				8686EFFC23C96CB4005E9FF8 /* cancel_button@3x.png in Resources */,
			);
			runOnlyForDeploymentPostprocessing = 0;
		};
/* End PBXResourcesBuildPhase section */

/* Begin PBXSourcesBuildPhase section */
		86FF0D1723C2DA7D005E978E /* Sources */ = {
			isa = PBXSourcesBuildPhase;
			buildActionMask = 2147483647;
			files = (
				86FF0D3423C2DA7F005E978E /* main.m in Sources */,
				86FF0D3C23C2DAA0005E978E /* XDPopOptionView.m in Sources */,
				86FF0D2623C2DA7D005E978E /* ViewController.m in Sources */,
				86FF0D2023C2DA7D005E978E /* AppDelegate.m in Sources */,
				86FF0D2C23C2DA7D005E978E /* popOptionViewDemo.xcdatamodeld in Sources */,
				86FF0D2323C2DA7D005E978E /* SceneDelegate.m in Sources */,
			);
			runOnlyForDeploymentPostprocessing = 0;
		};
/* End PBXSourcesBuildPhase section */

/* Begin PBXVariantGroup section */
		86FF0D2723C2DA7D005E978E /* Main.storyboard */ = {
			isa = PBXVariantGroup;
			children = (
				86FF0D2823C2DA7D005E978E /* Base */,
			);
			name = Main.storyboard;
			sourceTree = "<group>";
		};
		86FF0D2F23C2DA7F005E978E /* LaunchScreen.storyboard */ = {
			isa = PBXVariantGroup;
			children = (
				86FF0D3023C2DA7F005E978E /* Base */,
			);
			name = LaunchScreen.storyboard;
			sourceTree = "<group>";
		};
/* End PBXVariantGroup section */

/* Begin XCBuildConfiguration section */
		86FF0D3523C2DA7F005E978E /* Debug */ = {
			isa = XCBuildConfiguration;
			buildSettings = {
				ALWAYS_SEARCH_USER_PATHS = NO;
				CLANG_ANALYZER_NONNULL = YES;
				CLANG_ANALYZER_NUMBER_OBJECT_CONVERSION = YES_AGGRESSIVE;
				CLANG_CXX_LANGUAGE_STANDARD = "gnu++14";
				CLANG_CXX_LIBRARY = "libc++";
				CLANG_ENABLE_MODULES = YES;
				CLANG_ENABLE_OBJC_ARC = YES;
				CLANG_ENABLE_OBJC_WEAK = YES;
				CLANG_WARN_BLOCK_CAPTURE_AUTORELEASING = YES;
				CLANG_WARN_BOOL_CONVERSION = YES;
				CLANG_WARN_COMMA = YES;
				CLANG_WARN_CONSTANT_CONVERSION = YES;
				CLANG_WARN_DEPRECATED_OBJC_IMPLEMENTATIONS = YES;
				CLANG_WARN_DIRECT_OBJC_ISA_USAGE = YES_ERROR;
				CLANG_WARN_DOCUMENTATION_COMMENTS = YES;
				CLANG_WARN_EMPTY_BODY = YES;
				CLANG_WARN_ENUM_CONVERSION = YES;
				CLANG_WARN_INFINITE_RECURSION = YES;
				CLANG_WARN_INT_CONVERSION = YES;
				CLANG_WARN_NON_LITERAL_NULL_CONVERSION = YES;
				CLANG_WARN_OBJC_IMPLICIT_RETAIN_SELF = YES;
				CLANG_WARN_OBJC_LITERAL_CONVERSION = YES;
				CLANG_WARN_OBJC_ROOT_CLASS = YES_ERROR;
				CLANG_WARN_RANGE_LOOP_ANALYSIS = YES;
				CLANG_WARN_STRICT_PROTOTYPES = YES;
				CLANG_WARN_SUSPICIOUS_MOVE = YES;
				CLANG_WARN_UNGUARDED_AVAILABILITY = YES_AGGRESSIVE;
				CLANG_WARN_UNREACHABLE_CODE = YES;
				CLANG_WARN__DUPLICATE_METHOD_MATCH = YES;
				COPY_PHASE_STRIP = NO;
				DEBUG_INFORMATION_FORMAT = dwarf;
				ENABLE_STRICT_OBJC_MSGSEND = YES;
				ENABLE_TESTABILITY = YES;
				GCC_C_LANGUAGE_STANDARD = gnu11;
				GCC_DYNAMIC_NO_PIC = NO;
				GCC_NO_COMMON_BLOCKS = YES;
				GCC_OPTIMIZATION_LEVEL = 0;
				GCC_PREPROCESSOR_DEFINITIONS = (
					"DEBUG=1",
					"$(inherited)",
				);
				GCC_WARN_64_TO_32_BIT_CONVERSION = YES;
				GCC_WARN_ABOUT_RETURN_TYPE = YES_ERROR;
				GCC_WARN_UNDECLARED_SELECTOR = YES;
				GCC_WARN_UNINITIALIZED_AUTOS = YES_AGGRESSIVE;
				GCC_WARN_UNUSED_FUNCTION = YES;
				GCC_WARN_UNUSED_VARIABLE = YES;
				IPHONEOS_DEPLOYMENT_TARGET = 13.2;
				MTL_ENABLE_DEBUG_INFO = INCLUDE_SOURCE;
				MTL_FAST_MATH = YES;
				ONLY_ACTIVE_ARCH = YES;
				SDKROOT = iphoneos;
			};
			name = Debug;
		};
		86FF0D3623C2DA7F005E978E /* Release */ = {
			isa = XCBuildConfiguration;
			buildSettings = {
				ALWAYS_SEARCH_USER_PATHS = NO;
				CLANG_ANALYZER_NONNULL = YES;
				CLANG_ANALYZER_NUMBER_OBJECT_CONVERSION = YES_AGGRESSIVE;
				CLANG_CXX_LANGUAGE_STANDARD = "gnu++14";
				CLANG_CXX_LIBRARY = "libc++";
				CLANG_ENABLE_MODULES = YES;
				CLANG_ENABLE_OBJC_ARC = YES;
				CLANG_ENABLE_OBJC_WEAK = YES;
				CLANG_WARN_BLOCK_CAPTURE_AUTORELEASING = YES;
				CLANG_WARN_BOOL_CONVERSION = YES;
				CLANG_WARN_COMMA = YES;
				CLANG_WARN_CONSTANT_CONVERSION = YES;
				CLANG_WARN_DEPRECATED_OBJC_IMPLEMENTATIONS = YES;
				CLANG_WARN_DIRECT_OBJC_ISA_USAGE = YES_ERROR;
				CLANG_WARN_DOCUMENTATION_COMMENTS = YES;
				CLANG_WARN_EMPTY_BODY = YES;
				CLANG_WARN_ENUM_CONVERSION = YES;
				CLANG_WARN_INFINITE_RECURSION = YES;
				CLANG_WARN_INT_CONVERSION = YES;
				CLANG_WARN_NON_LITERAL_NULL_CONVERSION = YES;
				CLANG_WARN_OBJC_IMPLICIT_RETAIN_SELF = YES;
				CLANG_WARN_OBJC_LITERAL_CONVERSION = YES;
				CLANG_WARN_OBJC_ROOT_CLASS = YES_ERROR;
				CLANG_WARN_RANGE_LOOP_ANALYSIS = YES;
				CLANG_WARN_STRICT_PROTOTYPES = YES;
				CLANG_WARN_SUSPICIOUS_MOVE = YES;
				CLANG_WARN_UNGUARDED_AVAILABILITY = YES_AGGRESSIVE;
				CLANG_WARN_UNREACHABLE_CODE = YES;
				CLANG_WARN__DUPLICATE_METHOD_MATCH = YES;
				COPY_PHASE_STRIP = NO;
				DEBUG_INFORMATION_FORMAT = "dwarf-with-dsym";
				ENABLE_NS_ASSERTIONS = NO;
				ENABLE_STRICT_OBJC_MSGSEND = YES;
				GCC_C_LANGUAGE_STANDARD = gnu11;
				GCC_NO_COMMON_BLOCKS = YES;
				GCC_WARN_64_TO_32_BIT_CONVERSION = YES;
				GCC_WARN_ABOUT_RETURN_TYPE = YES_ERROR;
				GCC_WARN_UNDECLARED_SELECTOR = YES;
				GCC_WARN_UNINITIALIZED_AUTOS = YES_AGGRESSIVE;
				GCC_WARN_UNUSED_FUNCTION = YES;
				GCC_WARN_UNUSED_VARIABLE = YES;
				IPHONEOS_DEPLOYMENT_TARGET = 13.2;
				MTL_ENABLE_DEBUG_INFO = NO;
				MTL_FAST_MATH = YES;
				SDKROOT = iphoneos;
				VALIDATE_PRODUCT = YES;
			};
			name = Release;
		};
		86FF0D3823C2DA7F005E978E /* Debug */ = {
			isa = XCBuildConfiguration;
			buildSettings = {
				ASSETCATALOG_COMPILER_APPICON_NAME = AppIcon;
				CODE_SIGN_STYLE = Automatic;
				INFOPLIST_FILE = popOptionViewDemo/Info.plist;
				IPHONEOS_DEPLOYMENT_TARGET = 10.0;
				LD_RUNPATH_SEARCH_PATHS = (
					"$(inherited)",
					"@executable_path/Frameworks",
				);
				PRODUCT_BUNDLE_IDENTIFIER = com.ios.popOptionViewDemo;
				PRODUCT_NAME = "$(TARGET_NAME)";
				TARGETED_DEVICE_FAMILY = "1,2";
			};
			name = Debug;
		};
		86FF0D3923C2DA7F005E978E /* Release */ = {
			isa = XCBuildConfiguration;
			buildSettings = {
				ASSETCATALOG_COMPILER_APPICON_NAME = AppIcon;
				CODE_SIGN_STYLE = Automatic;
				INFOPLIST_FILE = popOptionViewDemo/Info.plist;
				IPHONEOS_DEPLOYMENT_TARGET = 10.0;
				LD_RUNPATH_SEARCH_PATHS = (
					"$(inherited)",
					"@executable_path/Frameworks",
				);
				PRODUCT_BUNDLE_IDENTIFIER = com.ios.popOptionViewDemo;
				PRODUCT_NAME = "$(TARGET_NAME)";
				TARGETED_DEVICE_FAMILY = "1,2";
			};
			name = Release;
		};
/* End XCBuildConfiguration section */

/* Begin XCConfigurationList section */
		86FF0D1623C2DA7D005E978E /* Build configuration list for PBXProject "popOptionViewDemo" */ = {
			isa = XCConfigurationList;
			buildConfigurations = (
				86FF0D3523C2DA7F005E978E /* Debug */,
				86FF0D3623C2DA7F005E978E /* Release */,
			);
			defaultConfigurationIsVisible = 0;
			defaultConfigurationName = Release;
		};
		86FF0D3723C2DA7F005E978E /* Build configuration list for PBXNativeTarget "popOptionViewDemo" */ = {
			isa = XCConfigurationList;
			buildConfigurations = (
				86FF0D3823C2DA7F005E978E /* Debug */,
				86FF0D3923C2DA7F005E978E /* Release */,
			);
			defaultConfigurationIsVisible = 0;
			defaultConfigurationName = Release;
		};
/* End XCConfigurationList section */

/* Begin XCVersionGroup section */
		86FF0D2A23C2DA7D005E978E /* popOptionViewDemo.xcdatamodeld */ = {
			isa = XCVersionGroup;
			children = (
				86FF0D2B23C2DA7D005E978E /* popOptionViewDemo.xcdatamodel */,
			);
			currentVersion = 86FF0D2B23C2DA7D005E978E /* popOptionViewDemo.xcdatamodel */;
			path = popOptionViewDemo.xcdatamodeld;
			sourceTree = "<group>";
			versionGroupType = wrapper.xcdatamodel;
		};
/* End XCVersionGroup section */
	};
	rootObject = 86FF0D1323C2DA7D005E978E /* Project object */;
}
